
Microsoft Visual Studio Solution File, Format Version 12.00
# Visual Studio Version 16
VisualStudioVersion = 16.0.30804.86
MinimumVisualStudioVersion = 10.0.40219.1
Project("{9A19103F-16F7-4668-BE54-9A1E7A4F7556}") = "hancode", "hancode\hancode.csproj", "{D9A69D7C-3A55-4EB7-A86E-5D172318CB03}"
EndProject
Project("{9A19103F-16F7-4668-BE54-9A1E7A4F7556}") = "Csharp 4 29", "Csharp 4 29\Csharp 4 29.csproj", "{5B2D5A0B-B4FC-4160-8813-910CF278DD5A}"
EndProject
Project("{9A19103F-16F7-4668-BE54-9A1E7A4F7556}") = "CSharp 5 6", "CSharp 5 6\CSharp 5 6.csproj", "{22666A2E-882A-4DC7-ACF0-ABAA34961DA2}"
EndProject
Project("{FAE04EC0-301F-11D3-BF4B-00C04F79EFBC}") = "Csharp 5 13", "ConsoleApp1\Csharp 5 13.csproj", "{09E0323F-826A-4659-B09F-F75DE518E47E}"
EndProject
Project("{9A19103F-16F7-4668-BE54-9A1E7A4F7556}") = "CSharp 5 27", "CSharp 5 27\CSharp 5 27.csproj", "{FB4ACCB8-E674-484E-966D-5769F78A2535}"
EndProject
Project("{9A19103F-16F7-4668-BE54-9A1E7A4F7556}") = "CSharp 6 3", "CSharp 6 3\CSharp 6 3.csproj", "{A5D9B45C-BAE9-44E1-882C-A6C7746ADDE6}"
EndProject
Project("{9A19103F-16F7-4668-BE54-9A1E7A4F7556}") = "CSharp 6 10", "CSharp 6 10\CSharp 6 10.csproj", "{8F9F8773-9E2A-4D43-BD1B-F8FBA09FA6C6}"
EndProject
Project("{FAE04EC0-301F-11D3-BF4B-00C04F79EFBC}") = "CSharp 7 15", "CSharp 7 15\CSharp 7 15.csproj", "{C999E6B9-35D5-4BB6-A4B1-22F7740BFECB}"
EndProject
Global
	GlobalSection(SolutionConfigurationPlatforms) = preSolution
		Debug|Any CPU = Debug|Any CPU
		Release|Any CPU = Release|Any CPU
	EndGlobalSection
	GlobalSection(ProjectConfigurationPlatforms) = postSolution
		{D9A69D7C-3A55-4EB7-A86E-5D172318CB03}.Debug|Any CPU.ActiveCfg = Debug|Any CPU
		{D9A69D7C-3A55-4EB7-A86E-5D172318CB03}.Debug|Any CPU.Build.0 = Debug|Any CPU
		{D9A69D7C-3A55-4EB7-A86E-5D172318CB03}.Release|Any CPU.ActiveCfg = Release|Any CPU
		{D9A69D7C-3A55-4EB7-A86E-5D172318CB03}.Release|Any CPU.Build.0 = Release|Any CPU
		{5B2D5A0B-B4FC-4160-8813-910CF278DD5A}.Debug|Any CPU.ActiveCfg = Debug|Any CPU
		{5B2D5A0B-B4FC-4160-8813-910CF278DD5A}.Debug|Any CPU.Build.0 = Debug|Any CPU
		{5B2D5A0B-B4FC-4160-8813-910CF278DD5A}.Release|Any CPU.ActiveCfg = Release|Any CPU
		{5B2D5A0B-B4FC-4160-8813-910CF278DD5A}.Release|Any CPU.Build.0 = Release|Any CPU
		{22666A2E-882A-4DC7-ACF0-ABAA34961DA2}.Debug|Any CPU.ActiveCfg = Debug|Any CPU
		{22666A2E-882A-4DC7-ACF0-ABAA34961DA2}.Debug|Any CPU.Build.0 = Debug|Any CPU
		{22666A2E-882A-4DC7-ACF0-ABAA34961DA2}.Release|Any CPU.ActiveCfg = Release|Any CPU
		{22666A2E-882A-4DC7-ACF0-ABAA34961DA2}.Release|Any CPU.Build.0 = Release|Any CPU
		{09E0323F-826A-4659-B09F-F75DE518E47E}.Debug|Any CPU.ActiveCfg = Debug|Any CPU
		{09E0323F-826A-4659-B09F-F75DE518E47E}.Debug|Any CPU.Build.0 = Debug|Any CPU
		{09E0323F-826A-4659-B09F-F75DE518E47E}.Release|Any CPU.ActiveCfg = Release|Any CPU
		{09E0323F-826A-4659-B09F-F75DE518E47E}.Release|Any CPU.Build.0 = Release|Any CPU
		{FB4ACCB8-E674-484E-966D-5769F78A2535}.Debug|Any CPU.ActiveCfg = Debug|Any CPU
		{FB4ACCB8-E674-484E-966D-5769F78A2535}.Debug|Any CPU.Build.0 = Debug|Any CPU
		{FB4ACCB8-E674-484E-966D-5769F78A2535}.Release|Any CPU.ActiveCfg = Release|Any CPU
		{FB4ACCB8-E674-484E-966D-5769F78A2535}.Release|Any CPU.Build.0 = Release|Any CPU
		{A5D9B45C-BAE9-44E1-882C-A6C7746ADDE6}.Debug|Any CPU.ActiveCfg = Debug|Any CPU
		{A5D9B45C-BAE9-44E1-882C-A6C7746ADDE6}.Debug|Any CPU.Build.0 = Debug|Any CPU
		{A5D9B45C-BAE9-44E1-882C-A6C7746ADDE6}.Release|Any CPU.ActiveCfg = Release|Any CPU
		{A5D9B45C-BAE9-44E1-882C-A6C7746ADDE6}.Release|Any CPU.Build.0 = Release|Any CPU
		{8F9F8773-9E2A-4D43-BD1B-F8FBA09FA6C6}.Debug|Any CPU.ActiveCfg = Debug|Any CPU
		{8F9F8773-9E2A-4D43-BD1B-F8FBA09FA6C6}.Debug|Any CPU.Build.0 = Debug|Any CPU
		{8F9F8773-9E2A-4D43-BD1B-F8FBA09FA6C6}.Release|Any CPU.ActiveCfg = Release|Any CPU
		{8F9F8773-9E2A-4D43-BD1B-F8FBA09FA6C6}.Release|Any CPU.Build.0 = Release|Any CPU
		{C999E6B9-35D5-4BB6-A4B1-22F7740BFECB}.Debug|Any CPU.ActiveCfg = Debug|Any CPU
		{C999E6B9-35D5-4BB6-A4B1-22F7740BFECB}.Debug|Any CPU.Build.0 = Debug|Any CPU
		{C999E6B9-35D5-4BB6-A4B1-22F7740BFECB}.Release|Any CPU.ActiveCfg = Release|Any CPU
		{C999E6B9-35D5-4BB6-A4B1-22F7740BFECB}.Release|Any CPU.Build.0 = Release|Any CPU
	EndGlobalSection
	GlobalSection(SolutionProperties) = preSolution
		HideSolutionNode = FALSE
	EndGlobalSection
	GlobalSection(ExtensibilityGlobals) = postSolution
		SolutionGuid = {BB38A41B-E662-4266-8904-1AEDF6638BF1}
	EndGlobalSection
EndGlobal
